// !$*UTF8*$!
{
	archiveVersion = 1;
	classes = {
	};
	objectVersion = 46;
	objects = {

/* Begin PBXBuildFile section */
		3D06017668C39A8713C9A841 /* Pods_GasPal.framework in Frameworks */ = {isa = PBXBuildFile; fileRef = C839488FA885F022ADFF54B1 /* Pods_GasPal.framework */; };
		4A4A44A81EB4261200AFFB65 /* Header.xib in Resources */ = {isa = PBXBuildFile; fileRef = 4A4A44A71EB4261200AFFB65 /* Header.xib */; };
		4A4A44AB1EB4265200AFFB65 /* Header.swift in Sources */ = {isa = PBXBuildFile; fileRef = 4A4A44AA1EB4265200AFFB65 /* Header.swift */; };
		4A4A44B31EB57C7800AFFB65 /* MainViewController.swift in Sources */ = {isa = PBXBuildFile; fileRef = 4A4A44B21EB57C7800AFFB65 /* MainViewController.swift */; };
		4A4A44B51EB57F7D00AFFB65 /* GasPalNotification.swift in Sources */ = {isa = PBXBuildFile; fileRef = 4A4A44B41EB57F7D00AFFB65 /* GasPalNotification.swift */; };
		4A4A44B71EB57FB700AFFB65 /* CameraViewController.swift in Sources */ = {isa = PBXBuildFile; fileRef = 4A4A44B61EB57FB700AFFB65 /* CameraViewController.swift */; };
		4A4A44BB1EB6995400AFFB65 /* VehicleTableCell.swift in Sources */ = {isa = PBXBuildFile; fileRef = 4A4A44B91EB6995400AFFB65 /* VehicleTableCell.swift */; };
		4A4A44BC1EB6995400AFFB65 /* VehicleTableCell.xib in Resources */ = {isa = PBXBuildFile; fileRef = 4A4A44BA1EB6995400AFFB65 /* VehicleTableCell.xib */; };
		4AC7FB661EA66A60005E2D2E /* AppDelegate.swift in Sources */ = {isa = PBXBuildFile; fileRef = 4AC7FB651EA66A60005E2D2E /* AppDelegate.swift */; };
		4AC7FB681EA66A60005E2D2E /* ViewController.swift in Sources */ = {isa = PBXBuildFile; fileRef = 4AC7FB671EA66A60005E2D2E /* ViewController.swift */; };
		4AC7FB6B1EA66A60005E2D2E /* Main.storyboard in Resources */ = {isa = PBXBuildFile; fileRef = 4AC7FB691EA66A60005E2D2E /* Main.storyboard */; };
		4AC7FB6D1EA66A60005E2D2E /* Assets.xcassets in Resources */ = {isa = PBXBuildFile; fileRef = 4AC7FB6C1EA66A60005E2D2E /* Assets.xcassets */; };
		4AC7FB701EA66A60005E2D2E /* LaunchScreen.storyboard in Resources */ = {isa = PBXBuildFile; fileRef = 4AC7FB6E1EA66A60005E2D2E /* LaunchScreen.storyboard */; };
		4AC7FB781EA66D65005E2D2E /* tessdata in Resources */ = {isa = PBXBuildFile; fileRef = 4AC7FB771EA66D65005E2D2E /* tessdata */; };
		60A101961EB5B2BD00A710D1 /* TrackingCell.swift in Sources */ = {isa = PBXBuildFile; fileRef = 60A101941EB5B2BD00A710D1 /* TrackingCell.swift */; };
		60A101971EB5B2BD00A710D1 /* TrackingCell.xib in Resources */ = {isa = PBXBuildFile; fileRef = 60A101951EB5B2BD00A710D1 /* TrackingCell.xib */; };
		60A1019A1EB5E1DE00A710D1 /* ServiceCell.swift in Sources */ = {isa = PBXBuildFile; fileRef = 60A101981EB5E1DE00A710D1 /* ServiceCell.swift */; };
		60A1019B1EB5E1DE00A710D1 /* ServiceCell.xib in Resources */ = {isa = PBXBuildFile; fileRef = 60A101991EB5E1DE00A710D1 /* ServiceCell.xib */; };
		A00437D91EB3DAF1007446B6 /* ProfileViewController.swift in Sources */ = {isa = PBXBuildFile; fileRef = A00437D81EB3DAF1007446B6 /* ProfileViewController.swift */; };
		A00437DB1EB3DB6F007446B6 /* VehicleViewController.swift in Sources */ = {isa = PBXBuildFile; fileRef = A00437DA1EB3DB6F007446B6 /* VehicleViewController.swift */; };
		A00437DD1EB3DBA1007446B6 /* TrackingViewController.swift in Sources */ = {isa = PBXBuildFile; fileRef = A00437DC1EB3DBA1007446B6 /* TrackingViewController.swift */; };
		A00437DF1EB3DBEC007446B6 /* ServiceViewController.swift in Sources */ = {isa = PBXBuildFile; fileRef = A00437DE1EB3DBEC007446B6 /* ServiceViewController.swift */; };
		A00437E11EB3DBFA007446B6 /* DashboardViewController.swift in Sources */ = {isa = PBXBuildFile; fileRef = A00437E01EB3DBFA007446B6 /* DashboardViewController.swift */; };
		A00437E51EB3DFAA007446B6 /* LoginViewController.swift in Sources */ = {isa = PBXBuildFile; fileRef = A00437E41EB3DFAA007446B6 /* LoginViewController.swift */; };
		A00437E71EB3DFF0007446B6 /* ProfileModel.swift in Sources */ = {isa = PBXBuildFile; fileRef = A00437E61EB3DFF0007446B6 /* ProfileModel.swift */; };
		A00437E91EB3E000007446B6 /* VehicleModel.swift in Sources */ = {isa = PBXBuildFile; fileRef = A00437E81EB3E000007446B6 /* VehicleModel.swift */; };
		A00437EB1EB3E028007446B6 /* TrackingModel.swift in Sources */ = {isa = PBXBuildFile; fileRef = A00437EA1EB3E028007446B6 /* TrackingModel.swift */; };
		A00437ED1EB3E036007446B6 /* ServiceModel.swift in Sources */ = {isa = PBXBuildFile; fileRef = A00437EC1EB3E036007446B6 /* ServiceModel.swift */; };
		A00437EF1EB3E5F9007446B6 /* ParseClient.swift in Sources */ = {isa = PBXBuildFile; fileRef = A00437EE1EB3E5F9007446B6 /* ParseClient.swift */; };
		A00437F11EB3E60C007446B6 /* OCRClient.swift in Sources */ = {isa = PBXBuildFile; fileRef = A00437F01EB3E60C007446B6 /* OCRClient.swift */; };
		A00437F31EB3E61A007446B6 /* GasFeedApiClient.swift in Sources */ = {isa = PBXBuildFile; fileRef = A00437F21EB3E61A007446B6 /* GasFeedApiClient.swift */; };
		A0EC53D41EB3F76F004258BD /* Carpool-48.png in Resources */ = {isa = PBXBuildFile; fileRef = A0EC53D01EB3F76F004258BD /* Carpool-48.png */; };
		A0EC53D51EB3F76F004258BD /* Delivery-48.png in Resources */ = {isa = PBXBuildFile; fileRef = A0EC53D11EB3F76F004258BD /* Delivery-48.png */; };
		A0EC53D61EB3F76F004258BD /* Maintenance-48.png in Resources */ = {isa = PBXBuildFile; fileRef = A0EC53D21EB3F76F004258BD /* Maintenance-48.png */; };
		A0EC53D71EB3F76F004258BD /* Speedometer-48.png in Resources */ = {isa = PBXBuildFile; fileRef = A0EC53D31EB3F76F004258BD /* Speedometer-48.png */; };
		A0EC53D91EB3F8B3004258BD /* Contact Card-48.png in Resources */ = {isa = PBXBuildFile; fileRef = A0EC53D81EB3F8B3004258BD /* Contact Card-48.png */; };
		A0EC53DC1EB3F933004258BD /* Dashboard-48.png in Resources */ = {isa = PBXBuildFile; fileRef = A0EC53DA1EB3F933004258BD /* Dashboard-48.png */; };
		A0EC53DD1EB3F933004258BD /* User-48.png in Resources */ = {isa = PBXBuildFile; fileRef = A0EC53DB1EB3F933004258BD /* User-48.png */; };
		A0EC53E11EB3FA3F004258BD /* Bar Chart-48.png in Resources */ = {isa = PBXBuildFile; fileRef = A0EC53E01EB3FA3F004258BD /* Bar Chart-48.png */; };
/* End PBXBuildFile section */

/* Begin PBXFileReference section */
		33873FA7235D252D02DB39F8 /* Pods-GasPal.release.xcconfig */ = {isa = PBXFileReference; includeInIndex = 1; lastKnownFileType = text.xcconfig; name = "Pods-GasPal.release.xcconfig"; path = "Pods/Target Support Files/Pods-GasPal/Pods-GasPal.release.xcconfig"; sourceTree = "<group>"; };
		4A4A44A71EB4261200AFFB65 /* Header.xib */ = {isa = PBXFileReference; fileEncoding = 4; lastKnownFileType = file.xib; path = Header.xib; sourceTree = "<group>"; };
		4A4A44AA1EB4265200AFFB65 /* Header.swift */ = {isa = PBXFileReference; fileEncoding = 4; lastKnownFileType = sourcecode.swift; path = Header.swift; sourceTree = "<group>"; };
		4A4A44B21EB57C7800AFFB65 /* MainViewController.swift */ = {isa = PBXFileReference; fileEncoding = 4; lastKnownFileType = sourcecode.swift; path = MainViewController.swift; sourceTree = "<group>"; };
		4A4A44B41EB57F7D00AFFB65 /* GasPalNotification.swift */ = {isa = PBXFileReference; fileEncoding = 4; lastKnownFileType = sourcecode.swift; path = GasPalNotification.swift; sourceTree = "<group>"; };
		4A4A44B61EB57FB700AFFB65 /* CameraViewController.swift */ = {isa = PBXFileReference; fileEncoding = 4; lastKnownFileType = sourcecode.swift; path = CameraViewController.swift; sourceTree = "<group>"; };
		4A4A44B91EB6995400AFFB65 /* VehicleTableCell.swift */ = {isa = PBXFileReference; fileEncoding = 4; lastKnownFileType = sourcecode.swift; path = VehicleTableCell.swift; sourceTree = "<group>"; };
		4A4A44BA1EB6995400AFFB65 /* VehicleTableCell.xib */ = {isa = PBXFileReference; fileEncoding = 4; lastKnownFileType = file.xib; path = VehicleTableCell.xib; sourceTree = "<group>"; };
		4AC7FB621EA66A60005E2D2E /* GasPal.app */ = {isa = PBXFileReference; explicitFileType = wrapper.application; includeInIndex = 0; path = GasPal.app; sourceTree = BUILT_PRODUCTS_DIR; };
		4AC7FB651EA66A60005E2D2E /* AppDelegate.swift */ = {isa = PBXFileReference; lastKnownFileType = sourcecode.swift; path = AppDelegate.swift; sourceTree = "<group>"; };
		4AC7FB671EA66A60005E2D2E /* ViewController.swift */ = {isa = PBXFileReference; lastKnownFileType = sourcecode.swift; path = ViewController.swift; sourceTree = "<group>"; };
		4AC7FB6A1EA66A60005E2D2E /* Base */ = {isa = PBXFileReference; lastKnownFileType = file.storyboard; name = Base; path = Base.lproj/Main.storyboard; sourceTree = "<group>"; };
		4AC7FB6C1EA66A60005E2D2E /* Assets.xcassets */ = {isa = PBXFileReference; lastKnownFileType = folder.assetcatalog; path = Assets.xcassets; sourceTree = "<group>"; };
		4AC7FB6F1EA66A60005E2D2E /* Base */ = {isa = PBXFileReference; lastKnownFileType = file.storyboard; name = Base; path = Base.lproj/LaunchScreen.storyboard; sourceTree = "<group>"; };
		4AC7FB711EA66A60005E2D2E /* Info.plist */ = {isa = PBXFileReference; lastKnownFileType = text.plist.xml; path = Info.plist; sourceTree = "<group>"; };
		4AC7FB771EA66D65005E2D2E /* tessdata */ = {isa = PBXFileReference; lastKnownFileType = folder; path = tessdata; sourceTree = "<group>"; };
		60A101941EB5B2BD00A710D1 /* TrackingCell.swift */ = {isa = PBXFileReference; fileEncoding = 4; lastKnownFileType = sourcecode.swift; path = TrackingCell.swift; sourceTree = "<group>"; };
		60A101951EB5B2BD00A710D1 /* TrackingCell.xib */ = {isa = PBXFileReference; fileEncoding = 4; lastKnownFileType = file.xib; path = TrackingCell.xib; sourceTree = "<group>"; };
		60A101981EB5E1DE00A710D1 /* ServiceCell.swift */ = {isa = PBXFileReference; fileEncoding = 4; lastKnownFileType = sourcecode.swift; path = ServiceCell.swift; sourceTree = "<group>"; };
		60A101991EB5E1DE00A710D1 /* ServiceCell.xib */ = {isa = PBXFileReference; fileEncoding = 4; lastKnownFileType = file.xib; path = ServiceCell.xib; sourceTree = "<group>"; };
		A00437D81EB3DAF1007446B6 /* ProfileViewController.swift */ = {isa = PBXFileReference; fileEncoding = 4; lastKnownFileType = sourcecode.swift; path = ProfileViewController.swift; sourceTree = "<group>"; };
		A00437DA1EB3DB6F007446B6 /* VehicleViewController.swift */ = {isa = PBXFileReference; fileEncoding = 4; lastKnownFileType = sourcecode.swift; path = VehicleViewController.swift; sourceTree = "<group>"; };
		A00437DC1EB3DBA1007446B6 /* TrackingViewController.swift */ = {isa = PBXFileReference; fileEncoding = 4; lastKnownFileType = sourcecode.swift; path = TrackingViewController.swift; sourceTree = "<group>"; };
		A00437DE1EB3DBEC007446B6 /* ServiceViewController.swift */ = {isa = PBXFileReference; fileEncoding = 4; lastKnownFileType = sourcecode.swift; path = ServiceViewController.swift; sourceTree = "<group>"; };
		A00437E01EB3DBFA007446B6 /* DashboardViewController.swift */ = {isa = PBXFileReference; fileEncoding = 4; lastKnownFileType = sourcecode.swift; path = DashboardViewController.swift; sourceTree = "<group>"; };
		A00437E41EB3DFAA007446B6 /* LoginViewController.swift */ = {isa = PBXFileReference; fileEncoding = 4; lastKnownFileType = sourcecode.swift; path = LoginViewController.swift; sourceTree = "<group>"; };
		A00437E61EB3DFF0007446B6 /* ProfileModel.swift */ = {isa = PBXFileReference; fileEncoding = 4; lastKnownFileType = sourcecode.swift; path = ProfileModel.swift; sourceTree = "<group>"; };
		A00437E81EB3E000007446B6 /* VehicleModel.swift */ = {isa = PBXFileReference; fileEncoding = 4; lastKnownFileType = sourcecode.swift; path = VehicleModel.swift; sourceTree = "<group>"; };
		A00437EA1EB3E028007446B6 /* TrackingModel.swift */ = {isa = PBXFileReference; fileEncoding = 4; lastKnownFileType = sourcecode.swift; path = TrackingModel.swift; sourceTree = "<group>"; };
		A00437EC1EB3E036007446B6 /* ServiceModel.swift */ = {isa = PBXFileReference; fileEncoding = 4; lastKnownFileType = sourcecode.swift; path = ServiceModel.swift; sourceTree = "<group>"; };
		A00437EE1EB3E5F9007446B6 /* ParseClient.swift */ = {isa = PBXFileReference; fileEncoding = 4; lastKnownFileType = sourcecode.swift; path = ParseClient.swift; sourceTree = "<group>"; };
		A00437F01EB3E60C007446B6 /* OCRClient.swift */ = {isa = PBXFileReference; fileEncoding = 4; lastKnownFileType = sourcecode.swift; path = OCRClient.swift; sourceTree = "<group>"; };
		A00437F21EB3E61A007446B6 /* GasFeedApiClient.swift */ = {isa = PBXFileReference; fileEncoding = 4; lastKnownFileType = sourcecode.swift; path = GasFeedApiClient.swift; sourceTree = "<group>"; };
		A0EC53D01EB3F76F004258BD /* Carpool-48.png */ = {isa = PBXFileReference; lastKnownFileType = image.png; name = "Carpool-48.png"; path = "Assets.xcassets/Carpool-48.png"; sourceTree = "<group>"; };
		A0EC53D11EB3F76F004258BD /* Delivery-48.png */ = {isa = PBXFileReference; lastKnownFileType = image.png; name = "Delivery-48.png"; path = "Assets.xcassets/Delivery-48.png"; sourceTree = "<group>"; };
		A0EC53D21EB3F76F004258BD /* Maintenance-48.png */ = {isa = PBXFileReference; lastKnownFileType = image.png; name = "Maintenance-48.png"; path = "Assets.xcassets/Maintenance-48.png"; sourceTree = "<group>"; };
		A0EC53D31EB3F76F004258BD /* Speedometer-48.png */ = {isa = PBXFileReference; lastKnownFileType = image.png; name = "Speedometer-48.png"; path = "Assets.xcassets/Speedometer-48.png"; sourceTree = "<group>"; };
		A0EC53D81EB3F8B3004258BD /* Contact Card-48.png */ = {isa = PBXFileReference; lastKnownFileType = image.png; name = "Contact Card-48.png"; path = "Assets.xcassets/Contact Card-48.png"; sourceTree = "<group>"; };
		A0EC53DA1EB3F933004258BD /* Dashboard-48.png */ = {isa = PBXFileReference; lastKnownFileType = image.png; name = "Dashboard-48.png"; path = "Assets.xcassets/Dashboard-48.png"; sourceTree = "<group>"; };
		A0EC53DB1EB3F933004258BD /* User-48.png */ = {isa = PBXFileReference; lastKnownFileType = image.png; name = "User-48.png"; path = "Assets.xcassets/User-48.png"; sourceTree = "<group>"; };
		A0EC53E01EB3FA3F004258BD /* Bar Chart-48.png */ = {isa = PBXFileReference; lastKnownFileType = image.png; name = "Bar Chart-48.png"; path = "Assets.xcassets/Bar Chart-48.png"; sourceTree = "<group>"; };
		AA2109D5CC63A041085DB54B /* Pods-GasPal.debug.xcconfig */ = {isa = PBXFileReference; includeInIndex = 1; lastKnownFileType = text.xcconfig; name = "Pods-GasPal.debug.xcconfig"; path = "Pods/Target Support Files/Pods-GasPal/Pods-GasPal.debug.xcconfig"; sourceTree = "<group>"; };
		C839488FA885F022ADFF54B1 /* Pods_GasPal.framework */ = {isa = PBXFileReference; explicitFileType = wrapper.framework; includeInIndex = 0; path = Pods_GasPal.framework; sourceTree = BUILT_PRODUCTS_DIR; };
/* End PBXFileReference section */

/* Begin PBXFrameworksBuildPhase section */
		4AC7FB5F1EA66A5F005E2D2E /* Frameworks */ = {
			isa = PBXFrameworksBuildPhase;
			buildActionMask = 2147483647;
			files = (
				3D06017668C39A8713C9A841 /* Pods_GasPal.framework in Frameworks */,
			);
			runOnlyForDeploymentPostprocessing = 0;
		};
/* End PBXFrameworksBuildPhase section */

/* Begin PBXGroup section */
		0FB27325FC094F2D6D638CAE /* Pods */ = {
			isa = PBXGroup;
			children = (
				AA2109D5CC63A041085DB54B /* Pods-GasPal.debug.xcconfig */,
				33873FA7235D252D02DB39F8 /* Pods-GasPal.release.xcconfig */,
			);
			name = Pods;
			sourceTree = "<group>";
		};
		4A4A44A91EB4261D00AFFB65 /* Header */ = {
			isa = PBXGroup;
			children = (
				4A4A44A71EB4261200AFFB65 /* Header.xib */,
				4A4A44AA1EB4265200AFFB65 /* Header.swift */,
			);
			name = Header;
			sourceTree = "<group>";
		};
		4A4A44B81EB6992000AFFB65 /* VehicleTableCell */ = {
			isa = PBXGroup;
			children = (
				4A4A44B91EB6995400AFFB65 /* VehicleTableCell.swift */,
				4A4A44BA1EB6995400AFFB65 /* VehicleTableCell.xib */,
			);
			name = VehicleTableCell;
			sourceTree = "<group>";
		};
		4AC7FB591EA66A5F005E2D2E = {
			isa = PBXGroup;
			children = (
				4AC7FB641EA66A60005E2D2E /* GasPal */,
				4AC7FB631EA66A60005E2D2E /* Products */,
				0FB27325FC094F2D6D638CAE /* Pods */,
				CC5D7339B85EFB6EA1210D0F /* Frameworks */,
			);
			sourceTree = "<group>";
		};
		4AC7FB631EA66A60005E2D2E /* Products */ = {
			isa = PBXGroup;
			children = (
				4AC7FB621EA66A60005E2D2E /* GasPal.app */,
			);
			name = Products;
			sourceTree = "<group>";
		};
		4AC7FB641EA66A60005E2D2E /* GasPal */ = {
			isa = PBXGroup;
			children = (
				A0EC53E21EB3FA56004258BD /* Resource */,
				A00437D71EB3DA77007446B6 /* View */,
				A00437D61EB3DA5B007446B6 /* ViewController */,
				A00437D51EB3DA54007446B6 /* Client */,
				A00437D41EB3DA44007446B6 /* Model */,
				4AC7FB771EA66D65005E2D2E /* tessdata */,
				4AC7FB651EA66A60005E2D2E /* AppDelegate.swift */,
				4AC7FB691EA66A60005E2D2E /* Main.storyboard */,
				4AC7FB6C1EA66A60005E2D2E /* Assets.xcassets */,
				4AC7FB6E1EA66A60005E2D2E /* LaunchScreen.storyboard */,
				4AC7FB711EA66A60005E2D2E /* Info.plist */,
			);
			path = GasPal;
			sourceTree = "<group>";
		};
		60A101911EB5B1C700A710D1 /* TableView */ = {
			isa = PBXGroup;
			children = (
				60A101941EB5B2BD00A710D1 /* TrackingCell.swift */,
				60A101951EB5B2BD00A710D1 /* TrackingCell.xib */,
				60A101981EB5E1DE00A710D1 /* ServiceCell.swift */,
				60A101991EB5E1DE00A710D1 /* ServiceCell.xib */,
			);
			name = TableView;
			sourceTree = "<group>";
		};
		A00437D41EB3DA44007446B6 /* Model */ = {
			isa = PBXGroup;
			children = (
				A00437E61EB3DFF0007446B6 /* ProfileModel.swift */,
				A00437E81EB3E000007446B6 /* VehicleModel.swift */,
				A00437EA1EB3E028007446B6 /* TrackingModel.swift */,
				A00437EC1EB3E036007446B6 /* ServiceModel.swift */,
				4A4A44B41EB57F7D00AFFB65 /* GasPalNotification.swift */,
			);
			name = Model;
			sourceTree = "<group>";
		};
		A00437D51EB3DA54007446B6 /* Client */ = {
			isa = PBXGroup;
			children = (
				A00437EE1EB3E5F9007446B6 /* ParseClient.swift */,
				A00437F01EB3E60C007446B6 /* OCRClient.swift */,
				A00437F21EB3E61A007446B6 /* GasFeedApiClient.swift */,
			);
			name = Client;
			sourceTree = "<group>";
		};
		A00437D61EB3DA5B007446B6 /* ViewController */ = {
			isa = PBXGroup;
			children = (
				4AC7FB671EA66A60005E2D2E /* ViewController.swift */,
				A00437D81EB3DAF1007446B6 /* ProfileViewController.swift */,
				A00437DA1EB3DB6F007446B6 /* VehicleViewController.swift */,
				A00437DC1EB3DBA1007446B6 /* TrackingViewController.swift */,
				A00437DE1EB3DBEC007446B6 /* ServiceViewController.swift */,
				A00437E01EB3DBFA007446B6 /* DashboardViewController.swift */,
				A00437E41EB3DFAA007446B6 /* LoginViewController.swift */,
				4A4A44B21EB57C7800AFFB65 /* MainViewController.swift */,
				4A4A44B61EB57FB700AFFB65 /* CameraViewController.swift */,
			);
			name = ViewController;
			sourceTree = "<group>";
		};
		A00437D71EB3DA77007446B6 /* View */ = {
			isa = PBXGroup;
			children = (
				4A4A44B81EB6992000AFFB65 /* VehicleTableCell */,
				60A101911EB5B1C700A710D1 /* TableView */,
				4A4A44A91EB4261D00AFFB65 /* Header */,
			);
			name = View;
			sourceTree = "<group>";
		};
		A0EC53E21EB3FA56004258BD /* Resource */ = {
			isa = PBXGroup;
			children = (
				A0EC53E01EB3FA3F004258BD /* Bar Chart-48.png */,
				A0EC53D81EB3F8B3004258BD /* Contact Card-48.png */,
				A0EC53D01EB3F76F004258BD /* Carpool-48.png */,
				A0EC53DA1EB3F933004258BD /* Dashboard-48.png */,
				A0EC53D11EB3F76F004258BD /* Delivery-48.png */,
				A0EC53D21EB3F76F004258BD /* Maintenance-48.png */,
				A0EC53D31EB3F76F004258BD /* Speedometer-48.png */,
				A0EC53DB1EB3F933004258BD /* User-48.png */,
			);
			name = Resource;
			sourceTree = "<group>";
		};
		CC5D7339B85EFB6EA1210D0F /* Frameworks */ = {
			isa = PBXGroup;
			children = (
				C839488FA885F022ADFF54B1 /* Pods_GasPal.framework */,
			);
			name = Frameworks;
			sourceTree = "<group>";
		};
/* End PBXGroup section */

/* Begin PBXNativeTarget section */
		4AC7FB611EA66A5F005E2D2E /* GasPal */ = {
			isa = PBXNativeTarget;
			buildConfigurationList = 4AC7FB741EA66A60005E2D2E /* Build configuration list for PBXNativeTarget "GasPal" */;
			buildPhases = (
				AD11F01D97101C8765B6EDDB /* [CP] Check Pods Manifest.lock */,
				4AC7FB5E1EA66A5F005E2D2E /* Sources */,
				4AC7FB5F1EA66A5F005E2D2E /* Frameworks */,
				4AC7FB601EA66A5F005E2D2E /* Resources */,
				8E9D3FCDCBEFE6095FB09E74 /* [CP] Embed Pods Frameworks */,
				B91263B44A0CC2A14FEEAAAF /* [CP] Copy Pods Resources */,
			);
			buildRules = (
			);
			dependencies = (
			);
			name = GasPal;
			productName = GasPal;
			productReference = 4AC7FB621EA66A60005E2D2E /* GasPal.app */;
			productType = "com.apple.product-type.application";
		};
/* End PBXNativeTarget section */

/* Begin PBXProject section */
		4AC7FB5A1EA66A5F005E2D2E /* Project object */ = {
			isa = PBXProject;
			attributes = {
				LastSwiftUpdateCheck = 0820;
				LastUpgradeCheck = 0820;
				ORGANIZATIONNAME = "Tyler Hackley Lewis";
				TargetAttributes = {
					4AC7FB611EA66A5F005E2D2E = {
						CreatedOnToolsVersion = 8.2.1;
						DevelopmentTeam = KBLDMTDV5G;
						ProvisioningStyle = Automatic;
					};
				};
			};
			buildConfigurationList = 4AC7FB5D1EA66A5F005E2D2E /* Build configuration list for PBXProject "GasPal" */;
			compatibilityVersion = "Xcode 3.2";
			developmentRegion = English;
			hasScannedForEncodings = 0;
			knownRegions = (
				en,
				Base,
			);
			mainGroup = 4AC7FB591EA66A5F005E2D2E;
			productRefGroup = 4AC7FB631EA66A60005E2D2E /* Products */;
			projectDirPath = "";
			projectRoot = "";
			targets = (
				4AC7FB611EA66A5F005E2D2E /* GasPal */,
			);
		};
/* End PBXProject section */

/* Begin PBXResourcesBuildPhase section */
		4AC7FB601EA66A5F005E2D2E /* Resources */ = {
			isa = PBXResourcesBuildPhase;
			buildActionMask = 2147483647;
			files = (
				60A101971EB5B2BD00A710D1 /* TrackingCell.xib in Resources */,
				A0EC53D61EB3F76F004258BD /* Maintenance-48.png in Resources */,
				4AC7FB701EA66A60005E2D2E /* LaunchScreen.storyboard in Resources */,
				4A4A44A81EB4261200AFFB65 /* Header.xib in Resources */,
				A0EC53DC1EB3F933004258BD /* Dashboard-48.png in Resources */,
				A0EC53E11EB3FA3F004258BD /* Bar Chart-48.png in Resources */,
				4AC7FB781EA66D65005E2D2E /* tessdata in Resources */,
				A0EC53DD1EB3F933004258BD /* User-48.png in Resources */,
				A0EC53D71EB3F76F004258BD /* Speedometer-48.png in Resources */,
				4AC7FB6D1EA66A60005E2D2E /* Assets.xcassets in Resources */,
				A0EC53D41EB3F76F004258BD /* Carpool-48.png in Resources */,
				60A1019B1EB5E1DE00A710D1 /* ServiceCell.xib in Resources */,
				4AC7FB6B1EA66A60005E2D2E /* Main.storyboard in Resources */,
				4A4A44BC1EB6995400AFFB65 /* VehicleTableCell.xib in Resources */,
				A0EC53D91EB3F8B3004258BD /* Contact Card-48.png in Resources */,
				A0EC53D51EB3F76F004258BD /* Delivery-48.png in Resources */,
			);
			runOnlyForDeploymentPostprocessing = 0;
		};
/* End PBXResourcesBuildPhase section */

/* Begin PBXShellScriptBuildPhase section */
		8E9D3FCDCBEFE6095FB09E74 /* [CP] Embed Pods Frameworks */ = {
			isa = PBXShellScriptBuildPhase;
			buildActionMask = 2147483647;
			files = (
			);
			inputPaths = (
			);
			name = "[CP] Embed Pods Frameworks";
			outputPaths = (
			);
			runOnlyForDeploymentPostprocessing = 0;
			shellPath = /bin/sh;
			shellScript = "\"${SRCROOT}/Pods/Target Support Files/Pods-GasPal/Pods-GasPal-frameworks.sh\"\n";
			showEnvVarsInLog = 0;
		};
		AD11F01D97101C8765B6EDDB /* [CP] Check Pods Manifest.lock */ = {
			isa = PBXShellScriptBuildPhase;
			buildActionMask = 2147483647;
			files = (
			);
			inputPaths = (
			);
			name = "[CP] Check Pods Manifest.lock";
			outputPaths = (
			);
			runOnlyForDeploymentPostprocessing = 0;
			shellPath = /bin/sh;
			shellScript = "diff \"${PODS_ROOT}/../Podfile.lock\" \"${PODS_ROOT}/Manifest.lock\" > /dev/null\nif [ $? != 0 ] ; then\n    # print error to STDERR\n    echo \"error: The sandbox is not in sync with the Podfile.lock. Run 'pod install' or update your CocoaPods installation.\" >&2\n    exit 1\nfi\n";
			showEnvVarsInLog = 0;
		};
		B91263B44A0CC2A14FEEAAAF /* [CP] Copy Pods Resources */ = {
			isa = PBXShellScriptBuildPhase;
			buildActionMask = 2147483647;
			files = (
			);
			inputPaths = (
			);
			name = "[CP] Copy Pods Resources";
			outputPaths = (
			);
			runOnlyForDeploymentPostprocessing = 0;
			shellPath = /bin/sh;
			shellScript = "\"${SRCROOT}/Pods/Target Support Files/Pods-GasPal/Pods-GasPal-resources.sh\"\n";
			showEnvVarsInLog = 0;
		};
/* End PBXShellScriptBuildPhase section */

/* Begin PBXSourcesBuildPhase section */
		4AC7FB5E1EA66A5F005E2D2E /* Sources */ = {
			isa = PBXSourcesBuildPhase;
			buildActionMask = 2147483647;
			files = (
				4A4A44AB1EB4265200AFFB65 /* Header.swift in Sources */,
				60A101961EB5B2BD00A710D1 /* TrackingCell.swift in Sources */,
				A00437E71EB3DFF0007446B6 /* ProfileModel.swift in Sources */,
				60A1019A1EB5E1DE00A710D1 /* ServiceCell.swift in Sources */,
				4A4A44B51EB57F7D00AFFB65 /* GasPalNotification.swift in Sources */,
				A00437E51EB3DFAA007446B6 /* LoginViewController.swift in Sources */,
				A00437EB1EB3E028007446B6 /* TrackingModel.swift in Sources */,
				4A4A44BB1EB6995400AFFB65 /* VehicleTableCell.swift in Sources */,
				A00437F31EB3E61A007446B6 /* GasFeedApiClient.swift in Sources */,
				A00437F11EB3E60C007446B6 /* OCRClient.swift in Sources */,
				A00437DD1EB3DBA1007446B6 /* TrackingViewController.swift in Sources */,
				4A4A44B31EB57C7800AFFB65 /* MainViewController.swift in Sources */,
				A00437E11EB3DBFA007446B6 /* DashboardViewController.swift in Sources */,
				A00437D91EB3DAF1007446B6 /* ProfileViewController.swift in Sources */,
				A00437DF1EB3DBEC007446B6 /* ServiceViewController.swift in Sources */,
				A00437ED1EB3E036007446B6 /* ServiceModel.swift in Sources */,
				A00437E91EB3E000007446B6 /* VehicleModel.swift in Sources */,
				A00437DB1EB3DB6F007446B6 /* VehicleViewController.swift in Sources */,
				4AC7FB681EA66A60005E2D2E /* ViewController.swift in Sources */,
				4A4A44B71EB57FB700AFFB65 /* CameraViewController.swift in Sources */,
				4AC7FB661EA66A60005E2D2E /* AppDelegate.swift in Sources */,
				A00437EF1EB3E5F9007446B6 /* ParseClient.swift in Sources */,
			);
			runOnlyForDeploymentPostprocessing = 0;
		};
/* End PBXSourcesBuildPhase section */

/* Begin PBXVariantGroup section */
		4AC7FB691EA66A60005E2D2E /* Main.storyboard */ = {
			isa = PBXVariantGroup;
			children = (
				4AC7FB6A1EA66A60005E2D2E /* Base */,
			);
			name = Main.storyboard;
			sourceTree = "<group>";
		};
		4AC7FB6E1EA66A60005E2D2E /* LaunchScreen.storyboard */ = {
			isa = PBXVariantGroup;
			children = (
				4AC7FB6F1EA66A60005E2D2E /* Base */,
			);
			name = LaunchScreen.storyboard;
			sourceTree = "<group>";
		};
/* End PBXVariantGroup section */

/* Begin XCBuildConfiguration section */
		4AC7FB721EA66A60005E2D2E /* Debug */ = {
			isa = XCBuildConfiguration;
			buildSettings = {
				ALWAYS_SEARCH_USER_PATHS = NO;
				CLANG_ANALYZER_NONNULL = YES;
				CLANG_CXX_LANGUAGE_STANDARD = "gnu++0x";
				CLANG_CXX_LIBRARY = "libc++";
				CLANG_ENABLE_MODULES = YES;
				CLANG_ENABLE_OBJC_ARC = YES;
				CLANG_WARN_BOOL_CONVERSION = YES;
				CLANG_WARN_CONSTANT_CONVERSION = YES;
				CLANG_WARN_DIRECT_OBJC_ISA_USAGE = YES_ERROR;
				CLANG_WARN_DOCUMENTATION_COMMENTS = YES;
				CLANG_WARN_EMPTY_BODY = YES;
				CLANG_WARN_ENUM_CONVERSION = YES;
				CLANG_WARN_INFINITE_RECURSION = YES;
				CLANG_WARN_INT_CONVERSION = YES;
				CLANG_WARN_OBJC_ROOT_CLASS = YES_ERROR;
				CLANG_WARN_SUSPICIOUS_MOVE = YES;
				CLANG_WARN_UNREACHABLE_CODE = YES;
				CLANG_WARN__DUPLICATE_METHOD_MATCH = YES;
				"CODE_SIGN_IDENTITY[sdk=iphoneos*]" = "iPhone Developer";
				COPY_PHASE_STRIP = NO;
				DEBUG_INFORMATION_FORMAT = dwarf;
				ENABLE_BITCODE = NO;
				ENABLE_STRICT_OBJC_MSGSEND = YES;
				ENABLE_TESTABILITY = YES;
				GCC_C_LANGUAGE_STANDARD = gnu99;
				GCC_DYNAMIC_NO_PIC = NO;
				GCC_NO_COMMON_BLOCKS = YES;
				GCC_OPTIMIZATION_LEVEL = 0;
				GCC_PREPROCESSOR_DEFINITIONS = (
					"DEBUG=1",
					"$(inherited)",
				);
				GCC_WARN_64_TO_32_BIT_CONVERSION = YES;
				GCC_WARN_ABOUT_RETURN_TYPE = YES_ERROR;
				GCC_WARN_UNDECLARED_SELECTOR = YES;
				GCC_WARN_UNINITIALIZED_AUTOS = YES_AGGRESSIVE;
				GCC_WARN_UNUSED_FUNCTION = YES;
				GCC_WARN_UNUSED_VARIABLE = YES;
				IPHONEOS_DEPLOYMENT_TARGET = 10.2;
				MTL_ENABLE_DEBUG_INFO = YES;
				ONLY_ACTIVE_ARCH = YES;
				SDKROOT = iphoneos;
				SWIFT_ACTIVE_COMPILATION_CONDITIONS = DEBUG;
				SWIFT_OPTIMIZATION_LEVEL = "-Onone";
			};
			name = Debug;
		};
		4AC7FB731EA66A60005E2D2E /* Release */ = {
			isa = XCBuildConfiguration;
			buildSettings = {
				ALWAYS_SEARCH_USER_PATHS = NO;
				CLANG_ANALYZER_NONNULL = YES;
				CLANG_CXX_LANGUAGE_STANDARD = "gnu++0x";
				CLANG_CXX_LIBRARY = "libc++";
				CLANG_ENABLE_MODULES = YES;
				CLANG_ENABLE_OBJC_ARC = YES;
				CLANG_WARN_BOOL_CONVERSION = YES;
				CLANG_WARN_CONSTANT_CONVERSION = YES;
				CLANG_WARN_DIRECT_OBJC_ISA_USAGE = YES_ERROR;
				CLANG_WARN_DOCUMENTATION_COMMENTS = YES;
				CLANG_WARN_EMPTY_BODY = YES;
				CLANG_WARN_ENUM_CONVERSION = YES;
				CLANG_WARN_INFINITE_RECURSION = YES;
				CLANG_WARN_INT_CONVERSION = YES;
				CLANG_WARN_OBJC_ROOT_CLASS = YES_ERROR;
				CLANG_WARN_SUSPICIOUS_MOVE = YES;
				CLANG_WARN_UNREACHABLE_CODE = YES;
				CLANG_WARN__DUPLICATE_METHOD_MATCH = YES;
				"CODE_SIGN_IDENTITY[sdk=iphoneos*]" = "iPhone Developer";
				COPY_PHASE_STRIP = NO;
				DEBUG_INFORMATION_FORMAT = "dwarf-with-dsym";
				ENABLE_BITCODE = NO;
				ENABLE_NS_ASSERTIONS = NO;
				ENABLE_STRICT_OBJC_MSGSEND = YES;
				GCC_C_LANGUAGE_STANDARD = gnu99;
				GCC_NO_COMMON_BLOCKS = YES;
				GCC_WARN_64_TO_32_BIT_CONVERSION = YES;
				GCC_WARN_ABOUT_RETURN_TYPE = YES_ERROR;
				GCC_WARN_UNDECLARED_SELECTOR = YES;
				GCC_WARN_UNINITIALIZED_AUTOS = YES_AGGRESSIVE;
				GCC_WARN_UNUSED_FUNCTION = YES;
				GCC_WARN_UNUSED_VARIABLE = YES;
				IPHONEOS_DEPLOYMENT_TARGET = 10.2;
				MTL_ENABLE_DEBUG_INFO = NO;
				SDKROOT = iphoneos;
				SWIFT_OPTIMIZATION_LEVEL = "-Owholemodule";
				VALIDATE_PRODUCT = YES;
			};
			name = Release;
		};
		4AC7FB751EA66A60005E2D2E /* Debug */ = {
			isa = XCBuildConfiguration;
			baseConfigurationReference = AA2109D5CC63A041085DB54B /* Pods-GasPal.debug.xcconfig */;
			buildSettings = {
				ASSETCATALOG_COMPILER_APPICON_NAME = AppIcon;
				DEVELOPMENT_TEAM = KBLDMTDV5G;
				INFOPLIST_FILE = GasPal/Info.plist;
				IPHONEOS_DEPLOYMENT_TARGET = 9.0;
				LD_RUNPATH_SEARCH_PATHS = "$(inherited) @executable_path/Frameworks";
				PRODUCT_BUNDLE_IDENTIFIER = THL.GasPal;
				PRODUCT_NAME = "$(TARGET_NAME)";
				SWIFT_VERSION = 3.0;
			};
			name = Debug;
		};
		4AC7FB761EA66A60005E2D2E /* Release */ = {
			isa = XCBuildConfiguration;
			baseConfigurationReference = 33873FA7235D252D02DB39F8 /* Pods-GasPal.release.xcconfig */;
			buildSettings = {
				ASSETCATALOG_COMPILER_APPICON_NAME = AppIcon;
				DEVELOPMENT_TEAM = KBLDMTDV5G;
				INFOPLIST_FILE = GasPal/Info.plist;
				IPHONEOS_DEPLOYMENT_TARGET = 9.0;
				LD_RUNPATH_SEARCH_PATHS = "$(inherited) @executable_path/Frameworks";
				PRODUCT_BUNDLE_IDENTIFIER = THL.GasPal;
				PRODUCT_NAME = "$(TARGET_NAME)";
				SWIFT_VERSION = 3.0;
			};
			name = Release;
		};
/* End XCBuildConfiguration section */

/* Begin XCConfigurationList section */
		4AC7FB5D1EA66A5F005E2D2E /* Build configuration list for PBXProject "GasPal" */ = {
			isa = XCConfigurationList;
			buildConfigurations = (
				4AC7FB721EA66A60005E2D2E /* Debug */,
				4AC7FB731EA66A60005E2D2E /* Release */,
			);
			defaultConfigurationIsVisible = 0;
			defaultConfigurationName = Release;
		};
		4AC7FB741EA66A60005E2D2E /* Build configuration list for PBXNativeTarget "GasPal" */ = {
			isa = XCConfigurationList;
			buildConfigurations = (
				4AC7FB751EA66A60005E2D2E /* Debug */,
				4AC7FB761EA66A60005E2D2E /* Release */,
			);
			defaultConfigurationIsVisible = 0;
			defaultConfigurationName = Release;
		};
/* End XCConfigurationList section */
	};
	rootObject = 4AC7FB5A1EA66A5F005E2D2E /* Project object */;
}
